
Microsoft Visual Studio Solution File, Format Version 12.00
# Visual Studio Version 17
VisualStudioVersion = 17.0.31903.59
MinimumVisualStudioVersion = 10.0.40219.1
Project("{2150E333-8FDC-42A3-9474-1A3956D46DE8}") = "src", "src", "{92170B94-34FF-4F02-B893-87D93EB75DE3}"
EndProject
Project("{FAE04EC0-301F-11D3-BF4B-00C04F79EFBC}") = "Maankix.Endpoint.Service", "src\Maankix.Endpoint.Service\Maankix.Endpoint.Service.csproj", "{37ABFBF6-CC49-497C-9A0E-6DE6D1B92B82}"
EndProject
Global
	GlobalSection(SolutionConfigurationPlatforms) = preSolution
		Debug|Any CPU = Debug|Any CPU
		Release|Any CPU = Release|Any CPU
	EndGlobalSection
	GlobalSection(SolutionProperties) = preSolution
		HideSolutionNode = FALSE
	EndGlobalSection
	GlobalSection(ProjectConfigurationPlatforms) = postSolution
		{37ABFBF6-CC49-497C-9A0E-6DE6D1B92B82}.Debug|Any CPU.ActiveCfg = Debug|Any CPU
		{37ABFBF6-CC49-497C-9A0E-6DE6D1B92B82}.Debug|Any CPU.Build.0 = Debug|Any CPU
		{37ABFBF6-CC49-497C-9A0E-6DE6D1B92B82}.Release|Any CPU.ActiveCfg = Release|Any CPU
		{37ABFBF6-CC49-497C-9A0E-6DE6D1B92B82}.Release|Any CPU.Build.0 = Release|Any CPU
	EndGlobalSection
	GlobalSection(NestedProjects) = preSolution
		{37ABFBF6-CC49-497C-9A0E-6DE6D1B92B82} = {92170B94-34FF-4F02-B893-87D93EB75DE3}
	EndGlobalSection
EndGlobal
