<?xml version="1.0" encoding="utf-8"?>
<Project ToolsVersion="17.0" xmlns="http://schemas.microsoft.com/developer/msbuild/2003">
  <ItemGroup>
    <ClCompile Include="C:\xlmProjects\Arca\agent\src\main.cpp">
      <Filter>Source Files</Filter>
    </ClCompile>
    <ClCompile Include="C:\xlmProjects\Arca\agent\src\config.cpp">
      <Filter>Source Files</Filter>
    </ClCompile>
    <ClCompile Include="C:\xlmProjects\Arca\agent\src\agent_service.cpp">
      <Filter>Source Files</Filter>
    </ClCompile>
    <ClCompile Include="C:\xlmProjects\Arca\agent\src\grpc_client.cpp">
      <Filter>Source Files</Filter>
    </ClCompile>
    <ClCompile Include="C:\xlmProjects\Arca\agent\src\policy_cache.cpp">
      <Filter>Source Files</Filter>
    </ClCompile>
    <ClCompile Include="C:\xlmProjects\Arca\agent\src\incident_queue.cpp">
      <Filter>Source Files</Filter>
    </ClCompile>
    <ClCompile Include="C:\xlmProjects\Arca\agent\src\detection\hs_regex_analyzer.cpp">
      <Filter>Source Files</Filter>
    </ClCompile>
    <ClCompile Include="C:\xlmProjects\Arca\agent\src\detection\keyword_analyzer.cpp">
      <Filter>Source Files</Filter>
    </ClCompile>
    <ClCompile Include="C:\xlmProjects\Arca\agent\src\detection\validators.cpp">
      <Filter>Source Files</Filter>
    </ClCompile>
    <ClCompile Include="C:\xlmProjects\Arca\agent\src\detection\file_type_detector.cpp">
      <Filter>Source Files</Filter>
    </ClCompile>
    <ClCompile Include="C:\xlmProjects\Arca\agent\src\detection\content_extractor.cpp">
      <Filter>Source Files</Filter>
    </ClCompile>
    <ClCompile Include="C:\xlmProjects\Arca\agent\src\detection\policy_evaluator.cpp">
      <Filter>Source Files</Filter>
    </ClCompile>
    <ClCompile Include="C:\xlmProjects\Arca\agent\src\detection\pipeline.cpp">
      <Filter>Source Files</Filter>
    </ClCompile>
    <ClCompile Include="C:\xlmProjects\Arca\agent\src\response\block_action.cpp">
      <Filter>Source Files</Filter>
    </ClCompile>
    <ClCompile Include="C:\xlmProjects\Arca\agent\src\response\notification.cpp">
      <Filter>Source Files</Filter>
    </ClCompile>
    <ClCompile Include="C:\xlmProjects\Arca\agent\src\response\quarantine_action.cpp">
      <Filter>Source Files</Filter>
    </ClCompile>
    <ClCompile Include="C:\xlmProjects\Arca\agent\src\response\user_cancel.cpp">
      <Filter>Source Files</Filter>
    </ClCompile>
    <ClCompile Include="C:\xlmProjects\Arca\agent\src\clipboard_monitor.cpp">
      <Filter>Source Files</Filter>
    </ClCompile>
    <ClCompile Include="C:\xlmProjects\Arca\agent\src\browser_upload_monitor.cpp">
      <Filter>Source Files</Filter>
    </ClCompile>
    <ClCompile Include="C:\xlmProjects\Arca\agent\src\discover_scanner.cpp">
      <Filter>Source Files</Filter>
    </ClCompile>
    <ClCompile Include="C:\xlmProjects\Arca\agent\src\tamper_protection.cpp">
      <Filter>Source Files</Filter>
    </ClCompile>
    <ClCompile Include="C:\xlmProjects\Arca\agent\src\driver_comm.cpp">
      <Filter>Source Files</Filter>
    </ClCompile>
  </ItemGroup>
  <ItemGroup>
    <CustomBuild Include="C:\xlmProjects\Arca\agent\CMakeLists.txt" />
  </ItemGroup>
  <ItemGroup>
    <Filter Include="Source Files">
      <UniqueIdentifier>{6B7629C9-7EDD-32D4-B555-D52DAD4BF4F6}</UniqueIdentifier>
    </Filter>
  </ItemGroup>
</Project>
