<?xml version="1.0" encoding="utf-8"?>
<Project ToolsVersion="17.0" xmlns="http://schemas.microsoft.com/developer/msbuild/2003">
  <ItemGroup>
    <ClCompile Include="C:\xlmProjects\Arca\agent\driver\akeso_dlp_filter.c">
      <Filter>Source Files</Filter>
    </ClCompile>
    <ClCompile Include="C:\xlmProjects\Arca\agent\driver\filter_comm.c">
      <Filter>Source Files</Filter>
    </ClCompile>
  </ItemGroup>
  <ItemGroup>
    <ClInclude Include="C:\xlmProjects\Arca\agent\driver\akeso_dlp_filter.h">
      <Filter>Header Files</Filter>
    </ClInclude>
  </ItemGroup>
  <ItemGroup>
    <CustomBuild Include="C:\xlmProjects\Arca\agent\driver\CMakeLists.txt" />
  </ItemGroup>
  <ItemGroup>
    <Filter Include="Header Files">
      <UniqueIdentifier>{1DD908FA-B1B9-3A5E-8B6C-7AA0789CE43F}</UniqueIdentifier>
    </Filter>
    <Filter Include="Source Files">
      <UniqueIdentifier>{6B7629C9-7EDD-32D4-B555-D52DAD4BF4F6}</UniqueIdentifier>
    </Filter>
  </ItemGroup>
</Project>
